
Microsoft Visual Studio Solution File, Format Version 12.00
# Visual Studio Version 17
VisualStudioVersion = 17.6.33723.286
MinimumVisualStudioVersion = 10.0.40219.1
Project("{9A19103F-16F7-4668-BE54-9A1E7A4F7556}") = "FridgeInventoryApplication", "FridgeInventoryApplication.csproj", "{8736E2FC-4BCC-4260-9E3E-CF37F8A57841}"
EndProject
Global
	GlobalSection(SolutionConfigurationPlatforms) = preSolution
		Debug|Any CPU = Debug|Any CPU
		Release|Any CPU = Release|Any CPU
	EndGlobalSection
	GlobalSection(ProjectConfigurationPlatforms) = postSolution
		{8736E2FC-4BCC-4260-9E3E-CF37F8A57841}.Debug|Any CPU.ActiveCfg = Debug|Any CPU
		{8736E2FC-4BCC-4260-9E3E-CF37F8A57841}.Debug|Any CPU.Build.0 = Debug|Any CPU
		{8736E2FC-4BCC-4260-9E3E-CF37F8A57841}.Release|Any CPU.ActiveCfg = Release|Any CPU
		{8736E2FC-4BCC-4260-9E3E-CF37F8A57841}.Release|Any CPU.Build.0 = Release|Any CPU
	EndGlobalSection
	GlobalSection(SolutionProperties) = preSolution
		HideSolutionNode = FALSE
	EndGlobalSection
	GlobalSection(ExtensibilityGlobals) = postSolution
		SolutionGuid = {C5E6CA59-661D-4CE2-AF74-B741FA59E687}
	EndGlobalSection
EndGlobal
